// !$*UTF8*$!
{
	archiveVersion = 1;
	classes = {
	};
	objectVersion = 50;
	objects = {

/* Begin PBXBuildFile section */
		97D55C7A258BE79D00FC47B7 /* AppDelegate.swift in Sources */ = {isa = PBXBuildFile; fileRef = 97D55C79258BE79D00FC47B7 /* AppDelegate.swift */; };
		97D55C7C258BE79D00FC47B7 /* SceneDelegate.swift in Sources */ = {isa = PBXBuildFile; fileRef = 97D55C7B258BE79D00FC47B7 /* SceneDelegate.swift */; };
		97D55C7E258BE79D00FC47B7 /* ViewController.swift in Sources */ = {isa = PBXBuildFile; fileRef = 97D55C7D258BE79D00FC47B7 /* ViewController.swift */; };
		97D55C81258BE79D00FC47B7 /* Main.storyboard in Resources */ = {isa = PBXBuildFile; fileRef = 97D55C7F258BE79D00FC47B7 /* Main.storyboard */; };
		97D55C83258BE79E00FC47B7 /* Assets.xcassets in Resources */ = {isa = PBXBuildFile; fileRef = 97D55C82258BE79E00FC47B7 /* Assets.xcassets */; };
		97D55C86258BE79E00FC47B7 /* LaunchScreen.storyboard in Resources */ = {isa = PBXBuildFile; fileRef = 97D55C84258BE79E00FC47B7 /* LaunchScreen.storyboard */; };
		97D55C99258BE8C900FC47B7 /* storm10.jpg in Resources */ = {isa = PBXBuildFile; fileRef = 97D55C8F258BE8C900FC47B7 /* storm10.jpg */; };
		97D55C9A258BE8C900FC47B7 /* storm9.jpg in Resources */ = {isa = PBXBuildFile; fileRef = 97D55C90258BE8C900FC47B7 /* storm9.jpg */; };
		97D55C9B258BE8C900FC47B7 /* storm8.jpg in Resources */ = {isa = PBXBuildFile; fileRef = 97D55C91258BE8C900FC47B7 /* storm8.jpg */; };
		97D55C9C258BE8C900FC47B7 /* storm5.jpg in Resources */ = {isa = PBXBuildFile; fileRef = 97D55C92258BE8C900FC47B7 /* storm5.jpg */; };
		97D55C9D258BE8C900FC47B7 /* storm4.jpg in Resources */ = {isa = PBXBuildFile; fileRef = 97D55C93258BE8C900FC47B7 /* storm4.jpg */; };
		97D55C9E258BE8C900FC47B7 /* storm6.jpg in Resources */ = {isa = PBXBuildFile; fileRef = 97D55C94258BE8C900FC47B7 /* storm6.jpg */; };
		97D55C9F258BE8C900FC47B7 /* storm7.jpg in Resources */ = {isa = PBXBuildFile; fileRef = 97D55C95258BE8C900FC47B7 /* storm7.jpg */; };
		97D55CA0258BE8C900FC47B7 /* storm3.jpg in Resources */ = {isa = PBXBuildFile; fileRef = 97D55C96258BE8C900FC47B7 /* storm3.jpg */; };
		97D55CA1258BE8C900FC47B7 /* storm2.jpg in Resources */ = {isa = PBXBuildFile; fileRef = 97D55C97258BE8C900FC47B7 /* storm2.jpg */; };
		97D55CA2258BE8C900FC47B7 /* storm1.jpg in Resources */ = {isa = PBXBuildFile; fileRef = 97D55C98258BE8C900FC47B7 /* storm1.jpg */; };
		97D55CA5258BED2200FC47B7 /* DetailViewController.swift in Sources */ = {isa = PBXBuildFile; fileRef = 97D55CA4258BED2200FC47B7 /* DetailViewController.swift */; };
/* End PBXBuildFile section */

/* Begin PBXFileReference section */
		97D55C76258BE79D00FC47B7 /* StormViewer.app */ = {isa = PBXFileReference; explicitFileType = wrapper.application; includeInIndex = 0; path = StormViewer.app; sourceTree = BUILT_PRODUCTS_DIR; };
		97D55C79258BE79D00FC47B7 /* AppDelegate.swift */ = {isa = PBXFileReference; lastKnownFileType = sourcecode.swift; path = AppDelegate.swift; sourceTree = "<group>"; };
		97D55C7B258BE79D00FC47B7 /* SceneDelegate.swift */ = {isa = PBXFileReference; lastKnownFileType = sourcecode.swift; path = SceneDelegate.swift; sourceTree = "<group>"; };
		97D55C7D258BE79D00FC47B7 /* ViewController.swift */ = {isa = PBXFileReference; lastKnownFileType = sourcecode.swift; path = ViewController.swift; sourceTree = "<group>"; };
		97D55C80258BE79D00FC47B7 /* Base */ = {isa = PBXFileReference; lastKnownFileType = file.storyboard; name = Base; path = Base.lproj/Main.storyboard; sourceTree = "<group>"; };
		97D55C82258BE79E00FC47B7 /* Assets.xcassets */ = {isa = PBXFileReference; lastKnownFileType = folder.assetcatalog; path = Assets.xcassets; sourceTree = "<group>"; };
		97D55C85258BE79E00FC47B7 /* Base */ = {isa = PBXFileReference; lastKnownFileType = file.storyboard; name = Base; path = Base.lproj/LaunchScreen.storyboard; sourceTree = "<group>"; };
		97D55C87258BE79E00FC47B7 /* Info.plist */ = {isa = PBXFileReference; lastKnownFileType = text.plist.xml; path = Info.plist; sourceTree = "<group>"; };
		97D55C8F258BE8C900FC47B7 /* storm10.jpg */ = {isa = PBXFileReference; lastKnownFileType = image.jpeg; path = storm10.jpg; sourceTree = "<group>"; };
		97D55C90258BE8C900FC47B7 /* storm9.jpg */ = {isa = PBXFileReference; lastKnownFileType = image.jpeg; path = storm9.jpg; sourceTree = "<group>"; };
		97D55C91258BE8C900FC47B7 /* storm8.jpg */ = {isa = PBXFileReference; lastKnownFileType = image.jpeg; path = storm8.jpg; sourceTree = "<group>"; };
		97D55C92258BE8C900FC47B7 /* storm5.jpg */ = {isa = PBXFileReference; lastKnownFileType = image.jpeg; path = storm5.jpg; sourceTree = "<group>"; };
		97D55C93258BE8C900FC47B7 /* storm4.jpg */ = {isa = PBXFileReference; lastKnownFileType = image.jpeg; path = storm4.jpg; sourceTree = "<group>"; };
		97D55C94258BE8C900FC47B7 /* storm6.jpg */ = {isa = PBXFileReference; lastKnownFileType = image.jpeg; path = storm6.jpg; sourceTree = "<group>"; };
		97D55C95258BE8C900FC47B7 /* storm7.jpg */ = {isa = PBXFileReference; lastKnownFileType = image.jpeg; path = storm7.jpg; sourceTree = "<group>"; };
		97D55C96258BE8C900FC47B7 /* storm3.jpg */ = {isa = PBXFileReference; lastKnownFileType = image.jpeg; path = storm3.jpg; sourceTree = "<group>"; };
		97D55C97258BE8C900FC47B7 /* storm2.jpg */ = {isa = PBXFileReference; lastKnownFileType = image.jpeg; path = storm2.jpg; sourceTree = "<group>"; };
		97D55C98258BE8C900FC47B7 /* storm1.jpg */ = {isa = PBXFileReference; lastKnownFileType = image.jpeg; path = storm1.jpg; sourceTree = "<group>"; };
		97D55CA4258BED2200FC47B7 /* DetailViewController.swift */ = {isa = PBXFileReference; lastKnownFileType = sourcecode.swift; path = DetailViewController.swift; sourceTree = "<group>"; };
/* End PBXFileReference section */

/* Begin PBXFrameworksBuildPhase section */
		97D55C73258BE79D00FC47B7 /* Frameworks */ = {
			isa = PBXFrameworksBuildPhase;
			buildActionMask = 2147483647;
			files = (
			);
			runOnlyForDeploymentPostprocessing = 0;
		};
/* End PBXFrameworksBuildPhase section */

/* Begin PBXGroup section */
		97D55C6D258BE79D00FC47B7 = {
			isa = PBXGroup;
			children = (
				97D55C78258BE79D00FC47B7 /* StormViewer */,
				97D55C77258BE79D00FC47B7 /* Products */,
			);
			sourceTree = "<group>";
		};
		97D55C77258BE79D00FC47B7 /* Products */ = {
			isa = PBXGroup;
			children = (
				97D55C76258BE79D00FC47B7 /* StormViewer.app */,
			);
			name = Products;
			sourceTree = "<group>";
		};
		97D55C78258BE79D00FC47B7 /* StormViewer */ = {
			isa = PBXGroup;
			children = (
				97D55C79258BE79D00FC47B7 /* AppDelegate.swift */,
				97D55C7B258BE79D00FC47B7 /* SceneDelegate.swift */,
				97D55C7D258BE79D00FC47B7 /* ViewController.swift */,
				97D55CA4258BED2200FC47B7 /* DetailViewController.swift */,
				97D55C7F258BE79D00FC47B7 /* Main.storyboard */,
				97D55C82258BE79E00FC47B7 /* Assets.xcassets */,
				97D55C8E258BE8C900FC47B7 /* Content */,
				97D55C84258BE79E00FC47B7 /* LaunchScreen.storyboard */,
				97D55C87258BE79E00FC47B7 /* Info.plist */,
			);
			path = StormViewer;
			sourceTree = "<group>";
		};
		97D55C8E258BE8C900FC47B7 /* Content */ = {
			isa = PBXGroup;
			children = (
				97D55C8F258BE8C900FC47B7 /* storm10.jpg */,
				97D55C90258BE8C900FC47B7 /* storm9.jpg */,
				97D55C91258BE8C900FC47B7 /* storm8.jpg */,
				97D55C92258BE8C900FC47B7 /* storm5.jpg */,
				97D55C93258BE8C900FC47B7 /* storm4.jpg */,
				97D55C94258BE8C900FC47B7 /* storm6.jpg */,
				97D55C95258BE8C900FC47B7 /* storm7.jpg */,
				97D55C96258BE8C900FC47B7 /* storm3.jpg */,
				97D55C97258BE8C900FC47B7 /* storm2.jpg */,
				97D55C98258BE8C900FC47B7 /* storm1.jpg */,
			);
			path = Content;
			sourceTree = "<group>";
		};
/* End PBXGroup section */

/* Begin PBXNativeTarget section */
		97D55C75258BE79D00FC47B7 /* StormViewer */ = {
			isa = PBXNativeTarget;
			buildConfigurationList = 97D55C8A258BE79E00FC47B7 /* Build configuration list for PBXNativeTarget "StormViewer" */;
			buildPhases = (
				97D55C72258BE79D00FC47B7 /* Sources */,
				97D55C73258BE79D00FC47B7 /* Frameworks */,
				97D55C74258BE79D00FC47B7 /* Resources */,
			);
			buildRules = (
			);
			dependencies = (
			);
			name = StormViewer;
			productName = StormViewer;
			productReference = 97D55C76258BE79D00FC47B7 /* StormViewer.app */;
			productType = "com.apple.product-type.application";
		};
/* End PBXNativeTarget section */

/* Begin PBXProject section */
		97D55C6E258BE79D00FC47B7 /* Project object */ = {
			isa = PBXProject;
			attributes = {
				LastSwiftUpdateCheck = 1230;
				LastUpgradeCheck = 1230;
				TargetAttributes = {
					97D55C75258BE79D00FC47B7 = {
						CreatedOnToolsVersion = 12.3;
					};
				};
			};
			buildConfigurationList = 97D55C71258BE79D00FC47B7 /* Build configuration list for PBXProject "StormViewer" */;
			compatibilityVersion = "Xcode 9.3";
			developmentRegion = en;
			hasScannedForEncodings = 0;
			knownRegions = (
				en,
				Base,
			);
			mainGroup = 97D55C6D258BE79D00FC47B7;
			productRefGroup = 97D55C77258BE79D00FC47B7 /* Products */;
			projectDirPath = "";
			projectRoot = "";
			targets = (
				97D55C75258BE79D00FC47B7 /* StormViewer */,
			);
		};
/* End PBXProject section */

/* Begin PBXResourcesBuildPhase section */
		97D55C74258BE79D00FC47B7 /* Resources */ = {
			isa = PBXResourcesBuildPhase;
			buildActionMask = 2147483647;
			files = (
				97D55CA1258BE8C900FC47B7 /* storm2.jpg in Resources */,
				97D55C9B258BE8C900FC47B7 /* storm8.jpg in Resources */,
				97D55C99258BE8C900FC47B7 /* storm10.jpg in Resources */,
				97D55CA0258BE8C900FC47B7 /* storm3.jpg in Resources */,
				97D55C9D258BE8C900FC47B7 /* storm4.jpg in Resources */,
				97D55C9F258BE8C900FC47B7 /* storm7.jpg in Resources */,
				97D55C9C258BE8C900FC47B7 /* storm5.jpg in Resources */,
				97D55C86258BE79E00FC47B7 /* LaunchScreen.storyboard in Resources */,
				97D55C9E258BE8C900FC47B7 /* storm6.jpg in Resources */,
				97D55CA2258BE8C900FC47B7 /* storm1.jpg in Resources */,
				97D55C83258BE79E00FC47B7 /* Assets.xcassets in Resources */,
				97D55C9A258BE8C900FC47B7 /* storm9.jpg in Resources */,
				97D55C81258BE79D00FC47B7 /* Main.storyboard in Resources */,
			);
			runOnlyForDeploymentPostprocessing = 0;
		};
/* End PBXResourcesBuildPhase section */

/* Begin PBXSourcesBuildPhase section */
		97D55C72258BE79D00FC47B7 /* Sources */ = {
			isa = PBXSourcesBuildPhase;
			buildActionMask = 2147483647;
			files = (
				97D55C7E258BE79D00FC47B7 /* ViewController.swift in Sources */,
				97D55C7A258BE79D00FC47B7 /* AppDelegate.swift in Sources */,
				97D55C7C258BE79D00FC47B7 /* SceneDelegate.swift in Sources */,
				97D55CA5258BED2200FC47B7 /* DetailViewController.swift in Sources */,
			);
			runOnlyForDeploymentPostprocessing = 0;
		};
/* End PBXSourcesBuildPhase section */

/* Begin PBXVariantGroup section */
		97D55C7F258BE79D00FC47B7 /* Main.storyboard */ = {
			isa = PBXVariantGroup;
			children = (
				97D55C80258BE79D00FC47B7 /* Base */,
			);
			name = Main.storyboard;
			sourceTree = "<group>";
		};
		97D55C84258BE79E00FC47B7 /* LaunchScreen.storyboard */ = {
			isa = PBXVariantGroup;
			children = (
				97D55C85258BE79E00FC47B7 /* Base */,
			);
			name = LaunchScreen.storyboard;
			sourceTree = "<group>";
		};
/* End PBXVariantGroup section */

/* Begin XCBuildConfiguration section */
		97D55C88258BE79E00FC47B7 /* Debug */ = {
			isa = XCBuildConfiguration;
			buildSettings = {
				ALWAYS_SEARCH_USER_PATHS = NO;
				CLANG_ANALYZER_NONNULL = YES;
				CLANG_ANALYZER_NUMBER_OBJECT_CONVERSION = YES_AGGRESSIVE;
				CLANG_CXX_LANGUAGE_STANDARD = "gnu++14";
				CLANG_CXX_LIBRARY = "libc++";
				CLANG_ENABLE_MODULES = YES;
				CLANG_ENABLE_OBJC_ARC = YES;
				CLANG_ENABLE_OBJC_WEAK = YES;
				CLANG_WARN_BLOCK_CAPTURE_AUTORELEASING = YES;
				CLANG_WARN_BOOL_CONVERSION = YES;
				CLANG_WARN_COMMA = YES;
				CLANG_WARN_CONSTANT_CONVERSION = YES;
				CLANG_WARN_DEPRECATED_OBJC_IMPLEMENTATIONS = YES;
				CLANG_WARN_DIRECT_OBJC_ISA_USAGE = YES_ERROR;
				CLANG_WARN_DOCUMENTATION_COMMENTS = YES;
				CLANG_WARN_EMPTY_BODY = YES;
				CLANG_WARN_ENUM_CONVERSION = YES;
				CLANG_WARN_INFINITE_RECURSION = YES;
				CLANG_WARN_INT_CONVERSION = YES;
				CLANG_WARN_NON_LITERAL_NULL_CONVERSION = YES;
				CLANG_WARN_OBJC_IMPLICIT_RETAIN_SELF = YES;
				CLANG_WARN_OBJC_LITERAL_CONVERSION = YES;
				CLANG_WARN_OBJC_ROOT_CLASS = YES_ERROR;
				CLANG_WARN_QUOTED_INCLUDE_IN_FRAMEWORK_HEADER = YES;
				CLANG_WARN_RANGE_LOOP_ANALYSIS = YES;
				CLANG_WARN_STRICT_PROTOTYPES = YES;
				CLANG_WARN_SUSPICIOUS_MOVE = YES;
				CLANG_WARN_UNGUARDED_AVAILABILITY = YES_AGGRESSIVE;
				CLANG_WARN_UNREACHABLE_CODE = YES;
				CLANG_WARN__DUPLICATE_METHOD_MATCH = YES;
				COPY_PHASE_STRIP = NO;
				DEBUG_INFORMATION_FORMAT = dwarf;
				ENABLE_STRICT_OBJC_MSGSEND = YES;
				ENABLE_TESTABILITY = YES;
				GCC_C_LANGUAGE_STANDARD = gnu11;
				GCC_DYNAMIC_NO_PIC = NO;
				GCC_NO_COMMON_BLOCKS = YES;
				GCC_OPTIMIZATION_LEVEL = 0;
				GCC_PREPROCESSOR_DEFINITIONS = (
					"DEBUG=1",
					"$(inherited)",
				);
				GCC_WARN_64_TO_32_BIT_CONVERSION = YES;
				GCC_WARN_ABOUT_RETURN_TYPE = YES_ERROR;
				GCC_WARN_UNDECLARED_SELECTOR = YES;
				GCC_WARN_UNINITIALIZED_AUTOS = YES_AGGRESSIVE;
				GCC_WARN_UNUSED_FUNCTION = YES;
				GCC_WARN_UNUSED_VARIABLE = YES;
				IPHONEOS_DEPLOYMENT_TARGET = 14.3;
				MTL_ENABLE_DEBUG_INFO = INCLUDE_SOURCE;
				MTL_FAST_MATH = YES;
				ONLY_ACTIVE_ARCH = YES;
				SDKROOT = iphoneos;
				SWIFT_ACTIVE_COMPILATION_CONDITIONS = DEBUG;
				SWIFT_OPTIMIZATION_LEVEL = "-Onone";
			};
			name = Debug;
		};
		97D55C89258BE79E00FC47B7 /* Release */ = {
			isa = XCBuildConfiguration;
			buildSettings = {
				ALWAYS_SEARCH_USER_PATHS = NO;
				CLANG_ANALYZER_NONNULL = YES;
				CLANG_ANALYZER_NUMBER_OBJECT_CONVERSION = YES_AGGRESSIVE;
				CLANG_CXX_LANGUAGE_STANDARD = "gnu++14";
				CLANG_CXX_LIBRARY = "libc++";
				CLANG_ENABLE_MODULES = YES;
				CLANG_ENABLE_OBJC_ARC = YES;
				CLANG_ENABLE_OBJC_WEAK = YES;
				CLANG_WARN_BLOCK_CAPTURE_AUTORELEASING = YES;
				CLANG_WARN_BOOL_CONVERSION = YES;
				CLANG_WARN_COMMA = YES;
				CLANG_WARN_CONSTANT_CONVERSION = YES;
				CLANG_WARN_DEPRECATED_OBJC_IMPLEMENTATIONS = YES;
				CLANG_WARN_DIRECT_OBJC_ISA_USAGE = YES_ERROR;
				CLANG_WARN_DOCUMENTATION_COMMENTS = YES;
				CLANG_WARN_EMPTY_BODY = YES;
				CLANG_WARN_ENUM_CONVERSION = YES;
				CLANG_WARN_INFINITE_RECURSION = YES;
				CLANG_WARN_INT_CONVERSION = YES;
				CLANG_WARN_NON_LITERAL_NULL_CONVERSION = YES;
				CLANG_WARN_OBJC_IMPLICIT_RETAIN_SELF = YES;
				CLANG_WARN_OBJC_LITERAL_CONVERSION = YES;
				CLANG_WARN_OBJC_ROOT_CLASS = YES_ERROR;
				CLANG_WARN_QUOTED_INCLUDE_IN_FRAMEWORK_HEADER = YES;
				CLANG_WARN_RANGE_LOOP_ANALYSIS = YES;
				CLANG_WARN_STRICT_PROTOTYPES = YES;
				CLANG_WARN_SUSPICIOUS_MOVE = YES;
				CLANG_WARN_UNGUARDED_AVAILABILITY = YES_AGGRESSIVE;
				CLANG_WARN_UNREACHABLE_CODE = YES;
				CLANG_WARN__DUPLICATE_METHOD_MATCH = YES;
				COPY_PHASE_STRIP = NO;
				DEBUG_INFORMATION_FORMAT = "dwarf-with-dsym";
				ENABLE_NS_ASSERTIONS = NO;
				ENABLE_STRICT_OBJC_MSGSEND = YES;
				GCC_C_LANGUAGE_STANDARD = gnu11;
				GCC_NO_COMMON_BLOCKS = YES;
				GCC_WARN_64_TO_32_BIT_CONVERSION = YES;
				GCC_WARN_ABOUT_RETURN_TYPE = YES_ERROR;
				GCC_WARN_UNDECLARED_SELECTOR = YES;
				GCC_WARN_UNINITIALIZED_AUTOS = YES_AGGRESSIVE;
				GCC_WARN_UNUSED_FUNCTION = YES;
				GCC_WARN_UNUSED_VARIABLE = YES;
				IPHONEOS_DEPLOYMENT_TARGET = 14.3;
				MTL_ENABLE_DEBUG_INFO = NO;
				MTL_FAST_MATH = YES;
				SDKROOT = iphoneos;
				SWIFT_COMPILATION_MODE = wholemodule;
				SWIFT_OPTIMIZATION_LEVEL = "-O";
				VALIDATE_PRODUCT = YES;
			};
			name = Release;
		};
		97D55C8B258BE79E00FC47B7 /* Debug */ = {
			isa = XCBuildConfiguration;
			buildSettings = {
				ASSETCATALOG_COMPILER_APPICON_NAME = AppIcon;
				ASSETCATALOG_COMPILER_GLOBAL_ACCENT_COLOR_NAME = AccentColor;
				CODE_SIGN_STYLE = Automatic;
				INFOPLIST_FILE = StormViewer/Info.plist;
				LD_RUNPATH_SEARCH_PATHS = (
					"$(inherited)",
					"@executable_path/Frameworks",
				);
				PRODUCT_BUNDLE_IDENTIFIER = muratcanaslan.com.StormViewer;
				PRODUCT_NAME = "$(TARGET_NAME)";
				SWIFT_VERSION = 5.0;
				TARGETED_DEVICE_FAMILY = "1,2";
			};
			name = Debug;
		};
		97D55C8C258BE79E00FC47B7 /* Release */ = {
			isa = XCBuildConfiguration;
			buildSettings = {
				ASSETCATALOG_COMPILER_APPICON_NAME = AppIcon;
				ASSETCATALOG_COMPILER_GLOBAL_ACCENT_COLOR_NAME = AccentColor;
				CODE_SIGN_STYLE = Automatic;
				INFOPLIST_FILE = StormViewer/Info.plist;
				LD_RUNPATH_SEARCH_PATHS = (
					"$(inherited)",
					"@executable_path/Frameworks",
				);
				PRODUCT_BUNDLE_IDENTIFIER = muratcanaslan.com.StormViewer;
				PRODUCT_NAME = "$(TARGET_NAME)";
				SWIFT_VERSION = 5.0;
				TARGETED_DEVICE_FAMILY = "1,2";
			};
			name = Release;
		};
/* End XCBuildConfiguration section */

/* Begin XCConfigurationList section */
		97D55C71258BE79D00FC47B7 /* Build configuration list for PBXProject "StormViewer" */ = {
			isa = XCConfigurationList;
			buildConfigurations = (
				97D55C88258BE79E00FC47B7 /* Debug */,
				97D55C89258BE79E00FC47B7 /* Release */,
			);
			defaultConfigurationIsVisible = 0;
			defaultConfigurationName = Release;
		};
		97D55C8A258BE79E00FC47B7 /* Build configuration list for PBXNativeTarget "StormViewer" */ = {
			isa = XCConfigurationList;
			buildConfigurations = (
				97D55C8B258BE79E00FC47B7 /* Debug */,
				97D55C8C258BE79E00FC47B7 /* Release */,
			);
			defaultConfigurationIsVisible = 0;
			defaultConfigurationName = Release;
		};
/* End XCConfigurationList section */
	};
	rootObject = 97D55C6E258BE79D00FC47B7 /* Project object */;
}
